
Microsoft Visual Studio Solution File, Format Version 12.00
# Visual Studio Version 17
VisualStudioVersion = 17.7.34031.279
MinimumVisualStudioVersion = 10.0.40219.1
Project("{FAE04EC0-301F-11D3-BF4B-00C04F79EFBC}") = "Manipulator", "Manipulator.csproj", "{1315EBAC-0FEB-4992-91BF-A50836F91AAE}"
EndProject
Global
	GlobalSection(SolutionConfigurationPlatforms) = preSolution
		Debug|x64 = Debug|x64
	EndGlobalSection
	GlobalSection(ProjectConfigurationPlatforms) = postSolution
		{1315EBAC-0FEB-4992-91BF-A50836F91AAE}.Debug|x64.ActiveCfg = Debug|x64
		{1315EBAC-0FEB-4992-91BF-A50836F91AAE}.Debug|x64.Build.0 = Debug|x64
	EndGlobalSection
	GlobalSection(SolutionProperties) = preSolution
		HideSolutionNode = FALSE
	EndGlobalSection
	GlobalSection(ExtensibilityGlobals) = postSolution
		SolutionGuid = {F7B30570-33C8-4882-852C-BCAA7411E8C1}
	EndGlobalSection
EndGlobal
